{
  "version": 4,
  "terraform_version": "1.3.4",
  "serial": 45,
  "lineage": "015abf8c-d34d-be28-467a-177e96703753",
  "outputs": {},
  "resources": [
    {
      "mode": "data",
      "type": "aws_vpc_peering_connection",
      "name": "accepter",
      "provider": "provider[\"registry.terraform.io/hashicorp/aws\"]",
      "instances": [
        {
          "schema_version": 0,
          "attributes": {
            "accepter": {
              "allow_classic_link_to_remote_vpc": false,
              "allow_remote_vpc_dns_resolution": false,
              "allow_vpc_to_remote_classic_link": false
            },
            "cidr_block": "10.10.0.0/16",
            "cidr_block_set": [
              {
                "cidr_block": "10.10.0.0/16"
              }
            ],
            "filter": null,
            "id": "pcx-00120d17a1f78a554",
            "owner_id": "479111403931",
            "peer_cidr_block": "10.0.0.0/16",
            "peer_cidr_block_set": [
              {
                "cidr_block": "10.0.0.0/16"
              }
            ],
            "peer_owner_id": "829250931565",
            "peer_region": "us-east-1",
            "peer_vpc_id": "vpc-012e13eeb630066e5",
            "region": "us-east-1",
            "requester": null,
            "status": "active",
            "tags": {},
            "timeouts": null,
            "vpc_id": "vpc-0b99e2c714bb09ae2"
          },
          "sensitive_attributes": []
        }
      ]
    },
    {
      "mode": "data",
      "type": "confluent_schema_registry_region",
      "name": "essentials",
      "provider": "provider[\"registry.terraform.io/confluentinc/confluent\"]",
      "instances": [
        {
          "schema_version": 0,
          "attributes": {
            "cloud": "AWS",
            "id": "sgreg-1",
            "package": "ESSENTIALS",
            "region": "us-east-2"
          },
          "sensitive_attributes": []
        }
      ]
    },
    {
      "mode": "managed",
      "type": "aws_internet_gateway",
      "name": "igw",
      "provider": "provider[\"registry.terraform.io/hashicorp/aws\"]",
      "instances": [
        {
          "schema_version": 0,
          "attributes": {
            "arn": "arn:aws:ec2:us-east-1:829250931565:internet-gateway/igw-0d7816028321ebd20",
            "id": "igw-0d7816028321ebd20",
            "owner_id": "829250931565",
            "tags": {
              "Name": "cflt-demo-da1590ce"
            },
            "tags_all": {
              "Name": "cflt-demo-da1590ce"
            },
            "timeouts": null,
            "vpc_id": "vpc-012e13eeb630066e5"
          },
          "sensitive_attributes": [],
          "private": "eyJlMmJmYjczMC1lY2FhLTExZTYtOGY4OC0zNDM2M2JjN2M0YzAiOnsiY3JlYXRlIjoxMjAwMDAwMDAwMDAwLCJkZWxldGUiOjEyMDAwMDAwMDAwMDAsInVwZGF0ZSI6MTIwMDAwMDAwMDAwMH19",
          "dependencies": [
            "aws_vpc.main",
            "random_id.vpc_display_id"
          ]
        }
      ]
    },
    {
      "mode": "managed",
      "type": "aws_route",
      "name": "r",
      "provider": "provider[\"registry.terraform.io/hashicorp/aws\"]",
      "instances": [
        {
          "schema_version": 0,
          "attributes": {
            "carrier_gateway_id": "",
            "core_network_arn": "",
            "destination_cidr_block": "10.10.0.0/16",
            "destination_ipv6_cidr_block": "",
            "destination_prefix_list_id": "",
            "egress_only_gateway_id": "",
            "gateway_id": "",
            "id": "r-rtb-010a0d899dc4b4a8b519371977",
            "instance_id": "",
            "instance_owner_id": "",
            "local_gateway_id": "",
            "nat_gateway_id": "",
            "network_interface_id": "",
            "origin": "CreateRoute",
            "route_table_id": "rtb-010a0d899dc4b4a8b",
            "state": "active",
            "timeouts": null,
            "transit_gateway_id": "",
            "vpc_endpoint_id": "",
            "vpc_peering_connection_id": "pcx-00120d17a1f78a554"
          },
          "sensitive_attributes": [],
          "private": "eyJlMmJmYjczMC1lY2FhLTExZTYtOGY4OC0zNDM2M2JjN2M0YzAiOnsiY3JlYXRlIjozMDAwMDAwMDAwMDAsImRlbGV0ZSI6MzAwMDAwMDAwMDAwLCJ1cGRhdGUiOjEyMDAwMDAwMDAwMH19",
          "dependencies": [
            "aws_internet_gateway.igw",
            "aws_route_table.route_table",
            "aws_vpc.main",
            "confluent_environment.staging",
            "confluent_network.peering",
            "confluent_peering.aws",
            "data.aws_vpc_peering_connection.accepter",
            "random_id.env_display_id",
            "random_id.vpc_display_id"
          ]
        }
      ]
    },
    {
      "mode": "managed",
      "type": "aws_route_table",
      "name": "route_table",
      "provider": "provider[\"registry.terraform.io/hashicorp/aws\"]",
      "instances": [
        {
          "schema_version": 0,
          "attributes": {
            "arn": "arn:aws:ec2:us-east-1:829250931565:route-table/rtb-010a0d899dc4b4a8b",
            "id": "rtb-010a0d899dc4b4a8b",
            "owner_id": "829250931565",
            "propagating_vgws": [],
            "route": [
              {
                "carrier_gateway_id": null,
                "cidr_block": "0.0.0.0/0",
                "core_network_arn": null,
                "destination_prefix_list_id": null,
                "egress_only_gateway_id": null,
                "gateway_id": "igw-0d7816028321ebd20",
                "instance_id": null,
                "ipv6_cidr_block": null,
                "local_gateway_id": null,
                "nat_gateway_id": null,
                "network_interface_id": null,
                "transit_gateway_id": null,
                "vpc_endpoint_id": null,
                "vpc_peering_connection_id": null
              }
            ],
            "tags": {
              "Name": "cflt-demo-da1590ce"
            },
            "tags_all": {
              "Name": "cflt-demo-da1590ce"
            },
            "timeouts": null,
            "vpc_id": "vpc-012e13eeb630066e5"
          },
          "sensitive_attributes": [],
          "private": "eyJlMmJmYjczMC1lY2FhLTExZTYtOGY4OC0zNDM2M2JjN2M0YzAiOnsiY3JlYXRlIjozMDAwMDAwMDAwMDAsImRlbGV0ZSI6MzAwMDAwMDAwMDAwLCJ1cGRhdGUiOjEyMDAwMDAwMDAwMH19",
          "dependencies": [
            "aws_internet_gateway.igw",
            "aws_vpc.main",
            "random_id.vpc_display_id"
          ]
        }
      ]
    },
    {
      "mode": "managed",
      "type": "aws_route_table_association",
      "name": "subnet_associations",
      "provider": "provider[\"registry.terraform.io/hashicorp/aws\"]",
      "instances": [
        {
          "index_key": 0,
          "schema_version": 0,
          "attributes": {
            "gateway_id": "",
            "id": "rtbassoc-06fb99b37b2555635",
            "route_table_id": "rtb-010a0d899dc4b4a8b",
            "subnet_id": "subnet-00c9e06540917d182"
          },
          "sensitive_attributes": [],
          "private": "bnVsbA==",
          "dependencies": [
            "aws_internet_gateway.igw",
            "aws_route_table.route_table",
            "aws_subnet.public_subnets",
            "aws_vpc.main",
            "random_id.vpc_display_id"
          ]
        },
        {
          "index_key": 1,
          "schema_version": 0,
          "attributes": {
            "gateway_id": "",
            "id": "rtbassoc-08edfd6aa6f949951",
            "route_table_id": "rtb-010a0d899dc4b4a8b",
            "subnet_id": "subnet-05a306ba13c629d92"
          },
          "sensitive_attributes": [],
          "private": "bnVsbA==",
          "dependencies": [
            "aws_internet_gateway.igw",
            "aws_route_table.route_table",
            "aws_subnet.public_subnets",
            "aws_vpc.main",
            "random_id.vpc_display_id"
          ]
        },
        {
          "index_key": 2,
          "schema_version": 0,
          "attributes": {
            "gateway_id": "",
            "id": "rtbassoc-0d2e4bbaf44276445",
            "route_table_id": "rtb-010a0d899dc4b4a8b",
            "subnet_id": "subnet-0303b0b4a5d8fa176"
          },
          "sensitive_attributes": [],
          "private": "bnVsbA==",
          "dependencies": [
            "aws_internet_gateway.igw",
            "aws_route_table.route_table",
            "aws_subnet.public_subnets",
            "aws_vpc.main",
            "random_id.vpc_display_id"
          ]
        }
      ]
    },
    {
      "mode": "managed",
      "type": "aws_subnet",
      "name": "public_subnets",
      "provider": "provider[\"registry.terraform.io/hashicorp/aws\"]",
      "instances": [
        {
          "index_key": 0,
          "schema_version": 1,
          "attributes": {
            "arn": "arn:aws:ec2:us-east-1:829250931565:subnet/subnet-00c9e06540917d182",
            "assign_ipv6_address_on_creation": false,
            "availability_zone": "us-east-1b",
            "availability_zone_id": "use1-az4",
            "cidr_block": "10.0.1.0/24",
            "customer_owned_ipv4_pool": "",
            "enable_dns64": false,
            "enable_resource_name_dns_a_record_on_launch": false,
            "enable_resource_name_dns_aaaa_record_on_launch": false,
            "id": "subnet-00c9e06540917d182",
            "ipv6_cidr_block": "",
            "ipv6_cidr_block_association_id": "",
            "ipv6_native": false,
            "map_customer_owned_ip_on_launch": false,
            "map_public_ip_on_launch": true,
            "outpost_arn": "",
            "owner_id": "829250931565",
            "private_dns_hostname_type_on_launch": "ip-name",
            "tags": {
              "Name": "cflt-demo-0-da1590ce"
            },
            "tags_all": {
              "Name": "cflt-demo-0-da1590ce"
            },
            "timeouts": null,
            "vpc_id": "vpc-012e13eeb630066e5"
          },
          "sensitive_attributes": [],
          "private": "eyJlMmJmYjczMC1lY2FhLTExZTYtOGY4OC0zNDM2M2JjN2M0YzAiOnsiY3JlYXRlIjo2MDAwMDAwMDAwMDAsImRlbGV0ZSI6MTIwMDAwMDAwMDAwMH0sInNjaGVtYV92ZXJzaW9uIjoiMSJ9",
          "dependencies": [
            "aws_vpc.main",
            "random_id.vpc_display_id"
          ]
        },
        {
          "index_key": 1,
          "schema_version": 1,
          "attributes": {
            "arn": "arn:aws:ec2:us-east-1:829250931565:subnet/subnet-05a306ba13c629d92",
            "assign_ipv6_address_on_creation": false,
            "availability_zone": "us-east-1b",
            "availability_zone_id": "use1-az4",
            "cidr_block": "10.0.2.0/24",
            "customer_owned_ipv4_pool": "",
            "enable_dns64": false,
            "enable_resource_name_dns_a_record_on_launch": false,
            "enable_resource_name_dns_aaaa_record_on_launch": false,
            "id": "subnet-05a306ba13c629d92",
            "ipv6_cidr_block": "",
            "ipv6_cidr_block_association_id": "",
            "ipv6_native": false,
            "map_customer_owned_ip_on_launch": false,
            "map_public_ip_on_launch": true,
            "outpost_arn": "",
            "owner_id": "829250931565",
            "private_dns_hostname_type_on_launch": "ip-name",
            "tags": {
              "Name": "cflt-demo-1-da1590ce"
            },
            "tags_all": {
              "Name": "cflt-demo-1-da1590ce"
            },
            "timeouts": null,
            "vpc_id": "vpc-012e13eeb630066e5"
          },
          "sensitive_attributes": [],
          "private": "eyJlMmJmYjczMC1lY2FhLTExZTYtOGY4OC0zNDM2M2JjN2M0YzAiOnsiY3JlYXRlIjo2MDAwMDAwMDAwMDAsImRlbGV0ZSI6MTIwMDAwMDAwMDAwMH0sInNjaGVtYV92ZXJzaW9uIjoiMSJ9",
          "dependencies": [
            "aws_vpc.main",
            "random_id.vpc_display_id"
          ]
        },
        {
          "index_key": 2,
          "schema_version": 1,
          "attributes": {
            "arn": "arn:aws:ec2:us-east-1:829250931565:subnet/subnet-0303b0b4a5d8fa176",
            "assign_ipv6_address_on_creation": false,
            "availability_zone": "us-east-1b",
            "availability_zone_id": "use1-az4",
            "cidr_block": "10.0.3.0/24",
            "customer_owned_ipv4_pool": "",
            "enable_dns64": false,
            "enable_resource_name_dns_a_record_on_launch": false,
            "enable_resource_name_dns_aaaa_record_on_launch": false,
            "id": "subnet-0303b0b4a5d8fa176",
            "ipv6_cidr_block": "",
            "ipv6_cidr_block_association_id": "",
            "ipv6_native": false,
            "map_customer_owned_ip_on_launch": false,
            "map_public_ip_on_launch": true,
            "outpost_arn": "",
            "owner_id": "829250931565",
            "private_dns_hostname_type_on_launch": "ip-name",
            "tags": {
              "Name": "cflt-demo-2-da1590ce"
            },
            "tags_all": {
              "Name": "cflt-demo-2-da1590ce"
            },
            "timeouts": null,
            "vpc_id": "vpc-012e13eeb630066e5"
          },
          "sensitive_attributes": [],
          "private": "eyJlMmJmYjczMC1lY2FhLTExZTYtOGY4OC0zNDM2M2JjN2M0YzAiOnsiY3JlYXRlIjo2MDAwMDAwMDAwMDAsImRlbGV0ZSI6MTIwMDAwMDAwMDAwMH0sInNjaGVtYV92ZXJzaW9uIjoiMSJ9",
          "dependencies": [
            "aws_vpc.main",
            "random_id.vpc_display_id"
          ]
        }
      ]
    },
    {
      "mode": "managed",
      "type": "aws_vpc",
      "name": "main",
      "provider": "provider[\"registry.terraform.io/hashicorp/aws\"]",
      "instances": [
        {
          "schema_version": 1,
          "attributes": {
            "arn": "arn:aws:ec2:us-east-1:829250931565:vpc/vpc-012e13eeb630066e5",
            "assign_generated_ipv6_cidr_block": false,
            "cidr_block": "10.0.0.0/16",
            "default_network_acl_id": "acl-029eda460b09689f7",
            "default_route_table_id": "rtb-06e59c4f34d709a8a",
            "default_security_group_id": "sg-075079291718fc6bc",
            "dhcp_options_id": "dopt-338dd34b",
            "enable_classiclink": false,
            "enable_classiclink_dns_support": false,
            "enable_dns_hostnames": false,
            "enable_dns_support": true,
            "enable_network_address_usage_metrics": false,
            "id": "vpc-012e13eeb630066e5",
            "instance_tenancy": "default",
            "ipv4_ipam_pool_id": null,
            "ipv4_netmask_length": null,
            "ipv6_association_id": "",
            "ipv6_cidr_block": "",
            "ipv6_cidr_block_network_border_group": "",
            "ipv6_ipam_pool_id": "",
            "ipv6_netmask_length": 0,
            "main_route_table_id": "rtb-06e59c4f34d709a8a",
            "owner_id": "829250931565",
            "tags": {
              "Name": "cflt-demo-da1590ce"
            },
            "tags_all": {
              "Name": "cflt-demo-da1590ce"
            }
          },
          "sensitive_attributes": [],
          "private": "eyJzY2hlbWFfdmVyc2lvbiI6IjEifQ==",
          "dependencies": [
            "random_id.vpc_display_id"
          ]
        }
      ]
    },
    {
      "mode": "managed",
      "type": "aws_vpc_peering_connection_accepter",
      "name": "peer",
      "provider": "provider[\"registry.terraform.io/hashicorp/aws\"]",
      "instances": [
        {
          "schema_version": 0,
          "attributes": {
            "accept_status": "active",
            "accepter": [
              {
                "allow_classic_link_to_remote_vpc": false,
                "allow_remote_vpc_dns_resolution": false,
                "allow_vpc_to_remote_classic_link": false
              }
            ],
            "auto_accept": true,
            "id": "pcx-00120d17a1f78a554",
            "peer_owner_id": "479111403931",
            "peer_region": "us-east-1",
            "peer_vpc_id": "vpc-0b99e2c714bb09ae2",
            "requester": [],
            "tags": {},
            "tags_all": {},
            "timeouts": null,
            "vpc_id": "vpc-012e13eeb630066e5",
            "vpc_peering_connection_id": "pcx-00120d17a1f78a554"
          },
          "sensitive_attributes": [],
          "private": "eyJlMmJmYjczMC1lY2FhLTExZTYtOGY4OC0zNDM2M2JjN2M0YzAiOnsiY3JlYXRlIjo2MDAwMDAwMDAwMCwidXBkYXRlIjo2MDAwMDAwMDAwMH19",
          "dependencies": [
            "aws_vpc.main",
            "confluent_environment.staging",
            "confluent_network.peering",
            "confluent_peering.aws",
            "data.aws_vpc_peering_connection.accepter",
            "random_id.env_display_id",
            "random_id.vpc_display_id"
          ]
        }
      ]
    },
    {
      "mode": "managed",
      "type": "confluent_connector",
      "name": "mongo-db-sink",
      "provider": "provider[\"registry.terraform.io/confluentinc/confluent\"]",
      "instances": []
    },
    {
      "mode": "managed",
      "type": "confluent_environment",
      "name": "staging",
      "provider": "provider[\"registry.terraform.io/confluentinc/confluent\"]",
      "instances": [
        {
          "schema_version": 0,
          "attributes": {
            "display_name": "cflt-demo-93d9f430",
            "id": "env-7nqwg2",
            "resource_name": "crn://confluent.cloud/organization=01d371d4-d69a-44d5-b673-c66fe0cba2d4/environment=env-7nqwg2"
          },
          "sensitive_attributes": [],
          "private": "bnVsbA==",
          "dependencies": [
            "random_id.env_display_id"
          ]
        }
      ]
    },
    {
      "mode": "managed",
      "type": "confluent_kafka_cluster",
      "name": "dedicated",
      "provider": "provider[\"registry.terraform.io/confluentinc/confluent\"]",
      "instances": [
        {
          "schema_version": 1,
          "attributes": {
            "api_version": "cmk/v2",
            "availability": "SINGLE_ZONE",
            "basic": [],
            "bootstrap_endpoint": "SASL_SSL://pkc-g2mqv.us-east-1.aws.confluent.cloud:9092",
            "cloud": "AWS",
            "dedicated": [
              {
                "cku": 1,
                "encryption_key": "",
                "zones": [
                  "use1-az5"
                ]
              }
            ],
            "display_name": "inventory",
            "environment": [
              {
                "id": "env-7nqwg2"
              }
            ],
            "id": "lkc-ymxk0j",
            "kind": "Cluster",
            "network": [
              {
                "id": "n-6mey59"
              }
            ],
            "rbac_crn": "crn://confluent.cloud/organization=01d371d4-d69a-44d5-b673-c66fe0cba2d4/environment=env-7nqwg2/cloud-cluster=lkc-ymxk0j",
            "region": "us-east-1",
            "rest_endpoint": "https://pkc-g2mqv.us-east-1.aws.confluent.cloud:443",
            "standard": [],
            "timeouts": null
          },
          "sensitive_attributes": [],
          "private": "eyJlMmJmYjczMC1lY2FhLTExZTYtOGY4OC0zNDM2M2JjN2M0YzAiOnsiY3JlYXRlIjoyNTkyMDAwMDAwMDAwMDAsInVwZGF0ZSI6MjU5MjAwMDAwMDAwMDAwfSwic2NoZW1hX3ZlcnNpb24iOiIxIn0=",
          "dependencies": [
            "confluent_environment.staging",
            "confluent_network.peering",
            "random_id.env_display_id"
          ]
        }
      ]
    },
    {
      "mode": "managed",
      "type": "confluent_kafka_topic",
      "name": "orders",
      "provider": "provider[\"registry.terraform.io/confluentinc/confluent\"]",
      "instances": []
    },
    {
      "mode": "managed",
      "type": "confluent_network",
      "name": "peering",
      "provider": "provider[\"registry.terraform.io/confluentinc/confluent\"]",
      "instances": [
        {
          "schema_version": 0,
          "attributes": {
            "aws": [
              {
                "account": "479111403931",
                "private_link_endpoint_service": "",
                "vpc": "vpc-0b99e2c714bb09ae2"
              }
            ],
            "azure": [],
            "cidr": "10.10.0.0/16",
            "cloud": "AWS",
            "connection_types": [
              "PEERING"
            ],
            "display_name": "Peering Network",
            "dns_config": [
              {
                "resolution": ""
              }
            ],
            "dns_domain": "6mey59.us-east-1.aws.confluent.cloud",
            "environment": [
              {
                "id": "env-7nqwg2"
              }
            ],
            "gcp": [],
            "id": "n-6mey59",
            "region": "us-east-1",
            "reserved_cidr": "",
            "resource_name": "crn://confluent.cloud/organization=01d371d4-d69a-44d5-b673-c66fe0cba2d4/environment=env-7nqwg2/network=n-6mey59",
            "timeouts": null,
            "zonal_subdomains": {
              "use1-az4": "use1-az4.6mey59.us-east-1.aws.confluent.cloud",
              "use1-az5": "use1-az5.6mey59.us-east-1.aws.confluent.cloud",
              "use1-az6": "use1-az6.6mey59.us-east-1.aws.confluent.cloud"
            },
            "zone_info": [],
            "zones": [
              "use1-az4",
              "use1-az5",
              "use1-az6"
            ]
          },
          "sensitive_attributes": [],
          "private": "eyJlMmJmYjczMC1lY2FhLTExZTYtOGY4OC0zNDM2M2JjN2M0YzAiOnsiY3JlYXRlIjo3MjAwMDAwMDAwMDAwLCJkZWxldGUiOjE4MDAwMDAwMDAwMDAwfX0=",
          "dependencies": [
            "confluent_environment.staging",
            "random_id.env_display_id"
          ]
        }
      ]
    },
    {
      "mode": "managed",
      "type": "confluent_peering",
      "name": "aws",
      "provider": "provider[\"registry.terraform.io/confluentinc/confluent\"]",
      "instances": [
        {
          "schema_version": 0,
          "attributes": {
            "aws": [
              {
                "account": "829250931565",
                "customer_region": "us-east-1",
                "routes": [
                  "10.0.0.0/16"
                ],
                "vpc": "vpc-012e13eeb630066e5"
              }
            ],
            "azure": [],
            "display_name": "AWS Peering",
            "environment": [
              {
                "id": "env-7nqwg2"
              }
            ],
            "gcp": [],
            "id": "peer-p2jrn0",
            "network": [
              {
                "id": "n-6mey59"
              }
            ],
            "timeouts": null
          },
          "sensitive_attributes": [],
          "private": "eyJlMmJmYjczMC1lY2FhLTExZTYtOGY4OC0zNDM2M2JjN2M0YzAiOnsiY3JlYXRlIjo3MjAwMDAwMDAwMDAwLCJkZWxldGUiOjE4MDAwMDAwMDAwMDAwfX0=",
          "dependencies": [
            "aws_vpc.main",
            "confluent_environment.staging",
            "confluent_network.peering",
            "random_id.env_display_id",
            "random_id.vpc_display_id"
          ]
        }
      ]
    },
    {
      "mode": "managed",
      "type": "confluent_role_binding",
      "name": "app-consumer-developer-read-from-group",
      "provider": "provider[\"registry.terraform.io/confluentinc/confluent\"]",
      "instances": [
        {
          "schema_version": 0,
          "attributes": {
            "crn_pattern": "crn://confluent.cloud/organization=01d371d4-d69a-44d5-b673-c66fe0cba2d4/environment=env-7nqwg2/cloud-cluster=lkc-ymxk0j/kafka=lkc-ymxk0j/group=confluent_cli_consumer_*",
            "id": "rb-K9orV",
            "principal": "User:sa-373q90",
            "role_name": "DeveloperRead"
          },
          "sensitive_attributes": [],
          "private": "bnVsbA==",
          "dependencies": [
            "confluent_environment.staging",
            "confluent_kafka_cluster.dedicated",
            "confluent_network.peering",
            "confluent_service_account.app-consumer",
            "random_id.env_display_id"
          ]
        }
      ]
    },
    {
      "mode": "managed",
      "type": "confluent_role_binding",
      "name": "app-consumer-developer-read-from-topic",
      "provider": "provider[\"registry.terraform.io/confluentinc/confluent\"]",
      "instances": []
    },
    {
      "mode": "managed",
      "type": "confluent_role_binding",
      "name": "app-manager-kafka-cluster-admin",
      "provider": "provider[\"registry.terraform.io/confluentinc/confluent\"]",
      "instances": [
        {
          "schema_version": 0,
          "attributes": {
            "crn_pattern": "crn://confluent.cloud/organization=01d371d4-d69a-44d5-b673-c66fe0cba2d4/environment=env-7nqwg2/cloud-cluster=lkc-ymxk0j",
            "id": "rb-PjAN9",
            "principal": "User:sa-75oxwo",
            "role_name": "CloudClusterAdmin"
          },
          "sensitive_attributes": [],
          "private": "bnVsbA==",
          "dependencies": [
            "confluent_environment.staging",
            "confluent_kafka_cluster.dedicated",
            "confluent_network.peering",
            "confluent_service_account.app-manager",
            "random_id.env_display_id"
          ]
        }
      ]
    },
    {
      "mode": "managed",
      "type": "confluent_schema_registry_cluster",
      "name": "essentials",
      "provider": "provider[\"registry.terraform.io/confluentinc/confluent\"]",
      "instances": [
        {
          "schema_version": 0,
          "attributes": {
            "api_version": "srcm/v2",
            "display_name": "Stream Governance Package",
            "environment": [
              {
                "id": "env-7nqwg2"
              }
            ],
            "id": "lsrc-pr36qk",
            "kind": "Cluster",
            "package": "ESSENTIALS",
            "region": [
              {
                "id": "sgreg-1"
              }
            ],
            "resource_name": "crn://confluent.cloud/organization=01d371d4-d69a-44d5-b673-c66fe0cba2d4/environment=env-7nqwg2/schema-registry=lsrc-pr36qk",
            "rest_endpoint": "https://psrc-e0919.us-east-2.aws.confluent.cloud"
          },
          "sensitive_attributes": [],
          "private": "bnVsbA==",
          "dependencies": [
            "confluent_environment.staging",
            "data.confluent_schema_registry_region.essentials",
            "random_id.env_display_id"
          ]
        }
      ]
    },
    {
      "mode": "managed",
      "type": "confluent_service_account",
      "name": "app-consumer",
      "provider": "provider[\"registry.terraform.io/confluentinc/confluent\"]",
      "instances": [
        {
          "schema_version": 0,
          "attributes": {
            "api_version": "iam/v2",
            "description": "Service account to consume from 'orders' topic of 'inventory' Kafka cluster",
            "display_name": "app-consumer-93d9f430",
            "id": "sa-373q90",
            "kind": "ServiceAccount"
          },
          "sensitive_attributes": [],
          "private": "bnVsbA==",
          "dependencies": [
            "random_id.env_display_id"
          ]
        }
      ]
    },
    {
      "mode": "managed",
      "type": "confluent_service_account",
      "name": "app-manager",
      "provider": "provider[\"registry.terraform.io/confluentinc/confluent\"]",
      "instances": [
        {
          "schema_version": 0,
          "attributes": {
            "api_version": "iam/v2",
            "description": "Service account to manage 'inventory' Kafka cluster",
            "display_name": "app-manager-93d9f430",
            "id": "sa-75oxwo",
            "kind": "ServiceAccount"
          },
          "sensitive_attributes": [],
          "private": "bnVsbA==",
          "dependencies": [
            "random_id.env_display_id"
          ]
        }
      ]
    },
    {
      "mode": "managed",
      "type": "random_id",
      "name": "env_display_id",
      "provider": "provider[\"registry.terraform.io/hashicorp/random\"]",
      "instances": [
        {
          "schema_version": 0,
          "attributes": {
            "b64_std": "k9n0MA==",
            "b64_url": "k9n0MA",
            "byte_length": 4,
            "dec": "2480534576",
            "hex": "93d9f430",
            "id": "k9n0MA",
            "keepers": null,
            "prefix": null
          },
          "sensitive_attributes": []
        }
      ]
    },
    {
      "mode": "managed",
      "type": "random_id",
      "name": "vpc_display_id",
      "provider": "provider[\"registry.terraform.io/hashicorp/random\"]",
      "instances": [
        {
          "schema_version": 0,
          "attributes": {
            "b64_std": "2hWQzg==",
            "b64_url": "2hWQzg",
            "byte_length": 4,
            "dec": "3658846414",
            "hex": "da1590ce",
            "id": "2hWQzg",
            "keepers": null,
            "prefix": null
          },
          "sensitive_attributes": []
        }
      ]
    }
  ],
  "check_results": null
}
